// !$*UTF8*$!
{
	archiveVersion = 1;
	classes = {
	};
	objectVersion = 56;
	objects = {

/* Begin PBXBuildFile section */
		9F2648582C37805000C5D357 /* sqOSCApp.swift in Sources */ = {isa = PBXBuildFile; fileRef = 9F2648572C37805000C5D357 /* sqOSCApp.swift */; };
		9F26485A2C37805000C5D357 /* ContentView.swift in Sources */ = {isa = PBXBuildFile; fileRef = 9F2648592C37805000C5D357 /* ContentView.swift */; };
		9F26485E2C37805000C5D357 /* Assets.xcassets in Resources */ = {isa = PBXBuildFile; fileRef = 9F26485D2C37805000C5D357 /* Assets.xcassets */; };
		9F2648612C37805000C5D357 /* Preview Assets.xcassets in Resources */ = {isa = PBXBuildFile; fileRef = 9F2648602C37805000C5D357 /* Preview Assets.xcassets */; };
		9F2648862C3782C200C5D357 /* OSCKit in Frameworks */ = {isa = PBXBuildFile; productRef = 9F2648852C3782C200C5D357 /* OSCKit */; };
		9F2648882C3782C200C5D357 /* OSCKitCore in Frameworks */ = {isa = PBXBuildFile; productRef = 9F2648872C3782C200C5D357 /* OSCKitCore */; };
		9F26488A2C378B6800C5D357 /* SqOscHandler.swift in Sources */ = {isa = PBXBuildFile; fileRef = 9F2648892C378B6800C5D357 /* SqOscHandler.swift */; };
		9F26B63D2C3A031D00BD0C9F /* MidiMessagePublisher.swift in Sources */ = {isa = PBXBuildFile; fileRef = 9F26B63C2C3A031D00BD0C9F /* MidiMessagePublisher.swift */; };
		9F383C962C381B400093DC24 /* SqMixerMessages.swift in Sources */ = {isa = PBXBuildFile; fileRef = 9F383C952C381B400093DC24 /* SqMixerMessages.swift */; };
		9F383C9E2C381D4B0093DC24 /* Values.swift in Sources */ = {isa = PBXBuildFile; fileRef = 9F383C9D2C381D4B0093DC24 /* Values.swift */; };
		9F383CA02C3821410093DC24 /* SqMixerEnums.swift in Sources */ = {isa = PBXBuildFile; fileRef = 9F383C9F2C3821410093DC24 /* SqMixerEnums.swift */; };
		9F383CA32C382D8C0093DC24 /* MessagePublisher.swift in Sources */ = {isa = PBXBuildFile; fileRef = 9F383CA22C382D8C0093DC24 /* MessagePublisher.swift */; };
		9F383CA72C3831110093DC24 /* SqMixerEndpoints.swift in Sources */ = {isa = PBXBuildFile; fileRef = 9F383CA62C3831110093DC24 /* SqMixerEndpoints.swift */; };
		9F383CAD2C3867500093DC24 /* SQMixerEndpointDictionary.swift in Sources */ = {isa = PBXBuildFile; fileRef = 9F383CAC2C3867500093DC24 /* SQMixerEndpointDictionary.swift */; };
		9F383CAF2C386C380093DC24 /* EndpointDictionaryView.swift in Sources */ = {isa = PBXBuildFile; fileRef = 9F383CAE2C386C380093DC24 /* EndpointDictionaryView.swift */; };
		9F6333042C3B298000177337 /* Preferences.swift in Sources */ = {isa = PBXBuildFile; fileRef = 9F6333032C3B298000177337 /* Preferences.swift */; };
		9F7F6A5F2C398BB1004AE8B9 /* SwiftRadix in Frameworks */ = {isa = PBXBuildFile; productRef = 9F7F6A5E2C398BB1004AE8B9 /* SwiftRadix */; };
		9F7F6A612C398BCE004AE8B9 /* MIDIKit in Frameworks */ = {isa = PBXBuildFile; productRef = 9F7F6A602C398BCE004AE8B9 /* MIDIKit */; };
		9F7F6A632C399237004AE8B9 /* ActivityLog.swift in Sources */ = {isa = PBXBuildFile; fileRef = 9F7F6A622C399237004AE8B9 /* ActivityLog.swift */; };
		9F9FDE552C39ADB200F198E5 /* ConfigurationView.swift in Sources */ = {isa = PBXBuildFile; fileRef = 9F9FDE542C39ADB200F198E5 /* ConfigurationView.swift */; };
		9FAB96612C42EEF200E9D123 /* SqMixerMessagesTests.swift in Sources */ = {isa = PBXBuildFile; fileRef = 9F383C972C381BD50093DC24 /* SqMixerMessagesTests.swift */; };
		9FAB96622C42EEF200E9D123 /* SqMixerEndpointsTest.swift in Sources */ = {isa = PBXBuildFile; fileRef = 9F383CA82C3832920093DC24 /* SqMixerEndpointsTest.swift */; };
		9FAB96632C42EEF200E9D123 /* TempTest.swift in Sources */ = {isa = PBXBuildFile; fileRef = 9FC8CEC92C39D75B00A7A622 /* TempTest.swift */; };
		9FAB96662C430E0C00E9D123 /* sqOSC.sdef in Resources */ = {isa = PBXBuildFile; fileRef = 9FAB96652C430E0C00E9D123 /* sqOSC.sdef */; };
		9FC5BFAB2C38D3A4003C0662 /* EndpointDictionaryEntryView.swift in Sources */ = {isa = PBXBuildFile; fileRef = 9FC5BFAA2C38D3A4003C0662 /* EndpointDictionaryEntryView.swift */; };
/* End PBXBuildFile section */

/* Begin PBXContainerItemProxy section */
		9F0806622C42ED3F00F533F4 /* PBXContainerItemProxy */ = {
			isa = PBXContainerItemProxy;
			containerPortal = 9F26484C2C37805000C5D357 /* Project object */;
			proxyType = 1;
			remoteGlobalIDString = 9F2648532C37805000C5D357;
			remoteInfo = sqOSC;
		};
/* End PBXContainerItemProxy section */

/* Begin PBXFileReference section */
		9F08065E2C42ED3F00F533F4 /* sqOSCTests.xctest */ = {isa = PBXFileReference; explicitFileType = wrapper.cfbundle; includeInIndex = 0; path = sqOSCTests.xctest; sourceTree = BUILT_PRODUCTS_DIR; };
		9F2648542C37805000C5D357 /* sqOSC.app */ = {isa = PBXFileReference; explicitFileType = wrapper.application; includeInIndex = 0; path = sqOSC.app; sourceTree = BUILT_PRODUCTS_DIR; };
		9F2648572C37805000C5D357 /* sqOSCApp.swift */ = {isa = PBXFileReference; lastKnownFileType = sourcecode.swift; path = sqOSCApp.swift; sourceTree = "<group>"; };
		9F2648592C37805000C5D357 /* ContentView.swift */ = {isa = PBXFileReference; lastKnownFileType = sourcecode.swift; path = ContentView.swift; sourceTree = "<group>"; };
		9F26485D2C37805000C5D357 /* Assets.xcassets */ = {isa = PBXFileReference; lastKnownFileType = folder.assetcatalog; path = Assets.xcassets; sourceTree = "<group>"; };
		9F2648602C37805000C5D357 /* Preview Assets.xcassets */ = {isa = PBXFileReference; lastKnownFileType = folder.assetcatalog; path = "Preview Assets.xcassets"; sourceTree = "<group>"; };
		9F2648622C37805000C5D357 /* sqOSC.entitlements */ = {isa = PBXFileReference; lastKnownFileType = text.plist.entitlements; path = sqOSC.entitlements; sourceTree = "<group>"; };
		9F2648892C378B6800C5D357 /* SqOscHandler.swift */ = {isa = PBXFileReference; lastKnownFileType = sourcecode.swift; path = SqOscHandler.swift; sourceTree = "<group>"; };
		9F26B63C2C3A031D00BD0C9F /* MidiMessagePublisher.swift */ = {isa = PBXFileReference; lastKnownFileType = sourcecode.swift; path = MidiMessagePublisher.swift; sourceTree = "<group>"; };
		9F383C952C381B400093DC24 /* SqMixerMessages.swift */ = {isa = PBXFileReference; lastKnownFileType = sourcecode.swift; path = SqMixerMessages.swift; sourceTree = "<group>"; };
		9F383C972C381BD50093DC24 /* SqMixerMessagesTests.swift */ = {isa = PBXFileReference; lastKnownFileType = sourcecode.swift; path = SqMixerMessagesTests.swift; sourceTree = "<group>"; };
		9F383C9D2C381D4B0093DC24 /* Values.swift */ = {isa = PBXFileReference; lastKnownFileType = sourcecode.swift; path = Values.swift; sourceTree = "<group>"; };
		9F383C9F2C3821410093DC24 /* SqMixerEnums.swift */ = {isa = PBXFileReference; lastKnownFileType = sourcecode.swift; path = SqMixerEnums.swift; sourceTree = "<group>"; };
		9F383CA12C38256C0093DC24 /* sqOSC.xctestplan */ = {isa = PBXFileReference; lastKnownFileType = text; path = sqOSC.xctestplan; sourceTree = "<group>"; };
		9F383CA22C382D8C0093DC24 /* MessagePublisher.swift */ = {isa = PBXFileReference; lastKnownFileType = sourcecode.swift; path = MessagePublisher.swift; sourceTree = "<group>"; };
		9F383CA62C3831110093DC24 /* SqMixerEndpoints.swift */ = {isa = PBXFileReference; lastKnownFileType = sourcecode.swift; path = SqMixerEndpoints.swift; sourceTree = "<group>"; };
		9F383CA82C3832920093DC24 /* SqMixerEndpointsTest.swift */ = {isa = PBXFileReference; lastKnownFileType = sourcecode.swift; path = SqMixerEndpointsTest.swift; sourceTree = "<group>"; };
		9F383CAC2C3867500093DC24 /* SQMixerEndpointDictionary.swift */ = {isa = PBXFileReference; lastKnownFileType = sourcecode.swift; path = SQMixerEndpointDictionary.swift; sourceTree = "<group>"; };
		9F383CAE2C386C380093DC24 /* EndpointDictionaryView.swift */ = {isa = PBXFileReference; lastKnownFileType = sourcecode.swift; path = EndpointDictionaryView.swift; sourceTree = "<group>"; };
		9F6333032C3B298000177337 /* Preferences.swift */ = {isa = PBXFileReference; lastKnownFileType = sourcecode.swift; path = Preferences.swift; sourceTree = "<group>"; };
		9F7F6A532C38FCB4004AE8B9 /* Cocoa.framework */ = {isa = PBXFileReference; lastKnownFileType = wrapper.framework; name = Cocoa.framework; path = System/Library/Frameworks/Cocoa.framework; sourceTree = SDKROOT; };
		9F7F6A622C399237004AE8B9 /* ActivityLog.swift */ = {isa = PBXFileReference; lastKnownFileType = sourcecode.swift; path = ActivityLog.swift; sourceTree = "<group>"; };
		9F9FDE542C39ADB200F198E5 /* ConfigurationView.swift */ = {isa = PBXFileReference; lastKnownFileType = sourcecode.swift; path = ConfigurationView.swift; sourceTree = "<group>"; };
		9FAB96642C430D7E00E9D123 /* Info.plist */ = {isa = PBXFileReference; lastKnownFileType = text.plist; path = Info.plist; sourceTree = "<group>"; };
		9FAB96652C430E0C00E9D123 /* sqOSC.sdef */ = {isa = PBXFileReference; lastKnownFileType = text; path = sqOSC.sdef; sourceTree = "<group>"; };
		9FC5BFAA2C38D3A4003C0662 /* EndpointDictionaryEntryView.swift */ = {isa = PBXFileReference; lastKnownFileType = sourcecode.swift; path = EndpointDictionaryEntryView.swift; sourceTree = "<group>"; };
		9FC8CEC92C39D75B00A7A622 /* TempTest.swift */ = {isa = PBXFileReference; lastKnownFileType = sourcecode.swift; path = TempTest.swift; sourceTree = "<group>"; };
/* End PBXFileReference section */

/* Begin PBXFrameworksBuildPhase section */
		9F08065B2C42ED3F00F533F4 /* Frameworks */ = {
			isa = PBXFrameworksBuildPhase;
			buildActionMask = 2147483647;
			files = (
			);
			runOnlyForDeploymentPostprocessing = 0;
		};
		9F2648512C37805000C5D357 /* Frameworks */ = {
			isa = PBXFrameworksBuildPhase;
			buildActionMask = 2147483647;
			files = (
				9F2648882C3782C200C5D357 /* OSCKitCore in Frameworks */,
				9F2648862C3782C200C5D357 /* OSCKit in Frameworks */,
				9F7F6A612C398BCE004AE8B9 /* MIDIKit in Frameworks */,
				9F7F6A5F2C398BB1004AE8B9 /* SwiftRadix in Frameworks */,
			);
			runOnlyForDeploymentPostprocessing = 0;
		};
/* End PBXFrameworksBuildPhase section */

/* Begin PBXGroup section */
		9F08065F2C42ED3F00F533F4 /* sqOSCTests */ = {
			isa = PBXGroup;
			children = (
				9F383C972C381BD50093DC24 /* SqMixerMessagesTests.swift */,
				9F383CA82C3832920093DC24 /* SqMixerEndpointsTest.swift */,
				9FC8CEC92C39D75B00A7A622 /* TempTest.swift */,
			);
			path = sqOSCTests;
			sourceTree = "<group>";
		};
		9F26484B2C37805000C5D357 = {
			isa = PBXGroup;
			children = (
				9F7F6A502C38FC9F004AE8B9 /* Frameworks */,
				9F2648552C37805000C5D357 /* Products */,
				9F2648562C37805000C5D357 /* sqOSC */,
				9F383CA12C38256C0093DC24 /* sqOSC.xctestplan */,
				9F08065F2C42ED3F00F533F4 /* sqOSCTests */,
			);
			sourceTree = "<group>";
		};
		9F2648552C37805000C5D357 /* Products */ = {
			isa = PBXGroup;
			children = (
				9F2648542C37805000C5D357 /* sqOSC.app */,
				9F08065E2C42ED3F00F533F4 /* sqOSCTests.xctest */,
			);
			name = Products;
			sourceTree = "<group>";
		};
		9F2648562C37805000C5D357 /* sqOSC */ = {
			isa = PBXGroup;
			children = (
				9F7F6A622C399237004AE8B9 /* ActivityLog.swift */,
				9F26485D2C37805000C5D357 /* Assets.xcassets */,
				9FAB96642C430D7E00E9D123 /* Info.plist */,
				9F383CA22C382D8C0093DC24 /* MessagePublisher.swift */,
				9F26B63C2C3A031D00BD0C9F /* MidiMessagePublisher.swift */,
				9F6333032C3B298000177337 /* Preferences.swift */,
				9F26485F2C37805000C5D357 /* Preview Content */,
				9F9FDE562C39AE5600F198E5 /* SqMixerAPI */,
				9F2648622C37805000C5D357 /* sqOSC.entitlements */,
				9FAB96652C430E0C00E9D123 /* sqOSC.sdef */,
				9F2648572C37805000C5D357 /* sqOSCApp.swift */,
				9F2648892C378B6800C5D357 /* SqOscHandler.swift */,
				9F383C9D2C381D4B0093DC24 /* Values.swift */,
				9F383CB02C386C410093DC24 /* Views */,
			);
			path = sqOSC;
			sourceTree = "<group>";
		};
		9F26485F2C37805000C5D357 /* Preview Content */ = {
			isa = PBXGroup;
			children = (
				9F2648602C37805000C5D357 /* Preview Assets.xcassets */,
			);
			path = "Preview Content";
			sourceTree = "<group>";
		};
		9F383CB02C386C410093DC24 /* Views */ = {
			isa = PBXGroup;
			children = (
				9F9FDE542C39ADB200F198E5 /* ConfigurationView.swift */,
				9F2648592C37805000C5D357 /* ContentView.swift */,
				9FC5BFAA2C38D3A4003C0662 /* EndpointDictionaryEntryView.swift */,
				9F383CAE2C386C380093DC24 /* EndpointDictionaryView.swift */,
			);
			path = Views;
			sourceTree = "<group>";
		};
		9F7F6A502C38FC9F004AE8B9 /* Frameworks */ = {
			isa = PBXGroup;
			children = (
				9F7F6A532C38FCB4004AE8B9 /* Cocoa.framework */,
			);
			name = Frameworks;
			sourceTree = "<group>";
		};
		9F9FDE562C39AE5600F198E5 /* SqMixerAPI */ = {
			isa = PBXGroup;
			children = (
				9F383CAC2C3867500093DC24 /* SQMixerEndpointDictionary.swift */,
				9F383CA62C3831110093DC24 /* SqMixerEndpoints.swift */,
				9F383C9F2C3821410093DC24 /* SqMixerEnums.swift */,
				9F383C952C381B400093DC24 /* SqMixerMessages.swift */,
			);
			path = SqMixerAPI;
			sourceTree = "<group>";
		};
/* End PBXGroup section */

/* Begin PBXNativeTarget section */
		9F08065D2C42ED3F00F533F4 /* sqOSCTests */ = {
			isa = PBXNativeTarget;
			buildConfigurationList = 9F0806642C42ED3F00F533F4 /* Build configuration list for PBXNativeTarget "sqOSCTests" */;
			buildPhases = (
				9F08065A2C42ED3F00F533F4 /* Sources */,
				9F08065B2C42ED3F00F533F4 /* Frameworks */,
				9F08065C2C42ED3F00F533F4 /* Resources */,
			);
			buildRules = (
			);
			dependencies = (
				9F0806632C42ED3F00F533F4 /* PBXTargetDependency */,
			);
			name = sqOSCTests;
			productName = sqOSCTests;
			productReference = 9F08065E2C42ED3F00F533F4 /* sqOSCTests.xctest */;
			productType = "com.apple.product-type.bundle.unit-test";
		};
		9F2648532C37805000C5D357 /* sqOSC */ = {
			isa = PBXNativeTarget;
			buildConfigurationList = 9F26487B2C37805100C5D357 /* Build configuration list for PBXNativeTarget "sqOSC" */;
			buildPhases = (
				9F2648502C37805000C5D357 /* Sources */,
				9F2648512C37805000C5D357 /* Frameworks */,
				9F2648522C37805000C5D357 /* Resources */,
			);
			buildRules = (
			);
			dependencies = (
			);
			name = sqOSC;
			packageProductDependencies = (
				9F2648852C3782C200C5D357 /* OSCKit */,
				9F2648872C3782C200C5D357 /* OSCKitCore */,
				9F7F6A5E2C398BB1004AE8B9 /* SwiftRadix */,
				9F7F6A602C398BCE004AE8B9 /* MIDIKit */,
			);
			productName = sqOSC;
			productReference = 9F2648542C37805000C5D357 /* sqOSC.app */;
			productType = "com.apple.product-type.application";
		};
/* End PBXNativeTarget section */

/* Begin PBXProject section */
		9F26484C2C37805000C5D357 /* Project object */ = {
			isa = PBXProject;
			attributes = {
				BuildIndependentTargetsInParallel = 1;
				LastSwiftUpdateCheck = 1540;
				LastUpgradeCheck = 1630;
				TargetAttributes = {
					9F08065D2C42ED3F00F533F4 = {
						CreatedOnToolsVersion = 15.4;
						TestTargetID = 9F2648532C37805000C5D357;
					};
					9F2648532C37805000C5D357 = {
						CreatedOnToolsVersion = 15.4;
					};
				};
			};
			buildConfigurationList = 9F26484F2C37805000C5D357 /* Build configuration list for PBXProject "sqOSC" */;
			compatibilityVersion = "Xcode 14.0";
			developmentRegion = en;
			hasScannedForEncodings = 0;
			knownRegions = (
				en,
				Base,
			);
			mainGroup = 9F26484B2C37805000C5D357;
			packageReferences = (
				9F2648842C3782C200C5D357 /* XCRemoteSwiftPackageReference "OSCKit" */,
				9F7F6A572C38FF2A004AE8B9 /* XCRemoteSwiftPackageReference "CocoaAsyncSocket" */,
				9F7F6A5C2C398AD0004AE8B9 /* XCRemoteSwiftPackageReference "MIDIKit" */,
				9F7F6A5D2C398BB1004AE8B9 /* XCRemoteSwiftPackageReference "SwiftRadix" */,
			);
			productRefGroup = 9F2648552C37805000C5D357 /* Products */;
			projectDirPath = "";
			projectRoot = "";
			targets = (
				9F2648532C37805000C5D357 /* sqOSC */,
				9F08065D2C42ED3F00F533F4 /* sqOSCTests */,
			);
		};
/* End PBXProject section */

/* Begin PBXResourcesBuildPhase section */
		9F08065C2C42ED3F00F533F4 /* Resources */ = {
			isa = PBXResourcesBuildPhase;
			buildActionMask = 2147483647;
			files = (
			);
			runOnlyForDeploymentPostprocessing = 0;
		};
		9F2648522C37805000C5D357 /* Resources */ = {
			isa = PBXResourcesBuildPhase;
			buildActionMask = 2147483647;
			files = (
				9FAB96662C430E0C00E9D123 /* sqOSC.sdef in Resources */,
				9F2648612C37805000C5D357 /* Preview Assets.xcassets in Resources */,
				9F26485E2C37805000C5D357 /* Assets.xcassets in Resources */,
			);
			runOnlyForDeploymentPostprocessing = 0;
		};
/* End PBXResourcesBuildPhase section */

/* Begin PBXSourcesBuildPhase section */
		9F08065A2C42ED3F00F533F4 /* Sources */ = {
			isa = PBXSourcesBuildPhase;
			buildActionMask = 2147483647;
			files = (
				9FAB96612C42EEF200E9D123 /* SqMixerMessagesTests.swift in Sources */,
				9FAB96622C42EEF200E9D123 /* SqMixerEndpointsTest.swift in Sources */,
				9FAB96632C42EEF200E9D123 /* TempTest.swift in Sources */,
			);
			runOnlyForDeploymentPostprocessing = 0;
		};
		9F2648502C37805000C5D357 /* Sources */ = {
			isa = PBXSourcesBuildPhase;
			buildActionMask = 2147483647;
			files = (
				9F383CAF2C386C380093DC24 /* EndpointDictionaryView.swift in Sources */,
				9F9FDE552C39ADB200F198E5 /* ConfigurationView.swift in Sources */,
				9F26485A2C37805000C5D357 /* ContentView.swift in Sources */,
				9F383C9E2C381D4B0093DC24 /* Values.swift in Sources */,
				9F383CAD2C3867500093DC24 /* SQMixerEndpointDictionary.swift in Sources */,
				9F6333042C3B298000177337 /* Preferences.swift in Sources */,
				9FC5BFAB2C38D3A4003C0662 /* EndpointDictionaryEntryView.swift in Sources */,
				9F383C962C381B400093DC24 /* SqMixerMessages.swift in Sources */,
				9F26488A2C378B6800C5D357 /* SqOscHandler.swift in Sources */,
				9F2648582C37805000C5D357 /* sqOSCApp.swift in Sources */,
				9F26B63D2C3A031D00BD0C9F /* MidiMessagePublisher.swift in Sources */,
				9F383CA32C382D8C0093DC24 /* MessagePublisher.swift in Sources */,
				9F7F6A632C399237004AE8B9 /* ActivityLog.swift in Sources */,
				9F383CA72C3831110093DC24 /* SqMixerEndpoints.swift in Sources */,
				9F383CA02C3821410093DC24 /* SqMixerEnums.swift in Sources */,
			);
			runOnlyForDeploymentPostprocessing = 0;
		};
/* End PBXSourcesBuildPhase section */

/* Begin PBXTargetDependency section */
		9F0806632C42ED3F00F533F4 /* PBXTargetDependency */ = {
			isa = PBXTargetDependency;
			target = 9F2648532C37805000C5D357 /* sqOSC */;
			targetProxy = 9F0806622C42ED3F00F533F4 /* PBXContainerItemProxy */;
		};
/* End PBXTargetDependency section */

/* Begin XCBuildConfiguration section */
		9F0806652C42ED3F00F533F4 /* Debug */ = {
			isa = XCBuildConfiguration;
			buildSettings = {
				BUNDLE_LOADER = "$(TEST_HOST)";
				CODE_SIGN_STYLE = Automatic;
				CURRENT_PROJECT_VERSION = 1;
				DEAD_CODE_STRIPPING = YES;
				GENERATE_INFOPLIST_FILE = YES;
				MARKETING_VERSION = 1.0;
				PRODUCT_BUNDLE_IDENTIFIER = org.adamaschool.sqOSCTests;
				PRODUCT_NAME = "$(TARGET_NAME)";
				SWIFT_EMIT_LOC_STRINGS = NO;
				SWIFT_VERSION = 5.0;
				TEST_HOST = "$(BUILT_PRODUCTS_DIR)/sqOSC.app/$(BUNDLE_EXECUTABLE_FOLDER_PATH)/sqOSC";
			};
			name = Debug;
		};
		9F0806662C42ED3F00F533F4 /* Release */ = {
			isa = XCBuildConfiguration;
			buildSettings = {
				BUNDLE_LOADER = "$(TEST_HOST)";
				CODE_SIGN_STYLE = Automatic;
				CURRENT_PROJECT_VERSION = 1;
				DEAD_CODE_STRIPPING = YES;
				GENERATE_INFOPLIST_FILE = YES;
				MARKETING_VERSION = 1.0;
				PRODUCT_BUNDLE_IDENTIFIER = org.adamaschool.sqOSCTests;
				PRODUCT_NAME = "$(TARGET_NAME)";
				SWIFT_EMIT_LOC_STRINGS = NO;
				SWIFT_VERSION = 5.0;
				TEST_HOST = "$(BUILT_PRODUCTS_DIR)/sqOSC.app/$(BUNDLE_EXECUTABLE_FOLDER_PATH)/sqOSC";
			};
			name = Release;
		};
		9F2648792C37805100C5D357 /* Debug */ = {
			isa = XCBuildConfiguration;
			buildSettings = {
				ALWAYS_SEARCH_USER_PATHS = NO;
				ASSETCATALOG_COMPILER_GENERATE_SWIFT_ASSET_SYMBOL_EXTENSIONS = YES;
				CLANG_ANALYZER_NONNULL = YES;
				CLANG_ANALYZER_NUMBER_OBJECT_CONVERSION = YES_AGGRESSIVE;
				CLANG_CXX_LANGUAGE_STANDARD = "gnu++20";
				CLANG_ENABLE_MODULES = YES;
				CLANG_ENABLE_OBJC_ARC = YES;
				CLANG_ENABLE_OBJC_WEAK = YES;
				CLANG_WARN_BLOCK_CAPTURE_AUTORELEASING = YES;
				CLANG_WARN_BOOL_CONVERSION = YES;
				CLANG_WARN_COMMA = YES;
				CLANG_WARN_CONSTANT_CONVERSION = YES;
				CLANG_WARN_DEPRECATED_OBJC_IMPLEMENTATIONS = YES;
				CLANG_WARN_DIRECT_OBJC_ISA_USAGE = YES_ERROR;
				CLANG_WARN_DOCUMENTATION_COMMENTS = YES;
				CLANG_WARN_EMPTY_BODY = YES;
				CLANG_WARN_ENUM_CONVERSION = YES;
				CLANG_WARN_INFINITE_RECURSION = YES;
				CLANG_WARN_INT_CONVERSION = YES;
				CLANG_WARN_NON_LITERAL_NULL_CONVERSION = YES;
				CLANG_WARN_OBJC_IMPLICIT_RETAIN_SELF = YES;
				CLANG_WARN_OBJC_LITERAL_CONVERSION = YES;
				CLANG_WARN_OBJC_ROOT_CLASS = YES_ERROR;
				CLANG_WARN_QUOTED_INCLUDE_IN_FRAMEWORK_HEADER = YES;
				CLANG_WARN_RANGE_LOOP_ANALYSIS = YES;
				CLANG_WARN_STRICT_PROTOTYPES = YES;
				CLANG_WARN_SUSPICIOUS_MOVE = YES;
				CLANG_WARN_UNGUARDED_AVAILABILITY = YES_AGGRESSIVE;
				CLANG_WARN_UNREACHABLE_CODE = YES;
				CLANG_WARN__DUPLICATE_METHOD_MATCH = YES;
				COPY_PHASE_STRIP = NO;
				DEAD_CODE_STRIPPING = YES;
				DEBUG_INFORMATION_FORMAT = dwarf;
				DEVELOPMENT_TEAM = FUVWVMBT6B;
				ENABLE_STRICT_OBJC_MSGSEND = YES;
				ENABLE_TESTABILITY = YES;
				ENABLE_USER_SCRIPT_SANDBOXING = YES;
				GCC_C_LANGUAGE_STANDARD = gnu17;
				GCC_DYNAMIC_NO_PIC = NO;
				GCC_NO_COMMON_BLOCKS = YES;
				GCC_OPTIMIZATION_LEVEL = 0;
				GCC_PREPROCESSOR_DEFINITIONS = (
					"DEBUG=1",
					"$(inherited)",
				);
				GCC_WARN_64_TO_32_BIT_CONVERSION = YES;
				GCC_WARN_ABOUT_RETURN_TYPE = YES_ERROR;
				GCC_WARN_UNDECLARED_SELECTOR = YES;
				GCC_WARN_UNINITIALIZED_AUTOS = YES_AGGRESSIVE;
				GCC_WARN_UNUSED_FUNCTION = YES;
				GCC_WARN_UNUSED_VARIABLE = YES;
				LOCALIZATION_PREFERS_STRING_CATALOGS = YES;
				MACOSX_DEPLOYMENT_TARGET = 14.6;
				MTL_ENABLE_DEBUG_INFO = INCLUDE_SOURCE;
				MTL_FAST_MATH = YES;
				ONLY_ACTIVE_ARCH = YES;
				SDKROOT = macosx;
				SWIFT_ACTIVE_COMPILATION_CONDITIONS = "DEBUG $(inherited)";
				SWIFT_OPTIMIZATION_LEVEL = "-Onone";
				SWIFT_VERSION = 5.0;
			};
			name = Debug;
		};
		9F26487A2C37805100C5D357 /* Release */ = {
			isa = XCBuildConfiguration;
			buildSettings = {
				ALWAYS_SEARCH_USER_PATHS = NO;
				ASSETCATALOG_COMPILER_GENERATE_SWIFT_ASSET_SYMBOL_EXTENSIONS = YES;
				CLANG_ANALYZER_NONNULL = YES;
				CLANG_ANALYZER_NUMBER_OBJECT_CONVERSION = YES_AGGRESSIVE;
				CLANG_CXX_LANGUAGE_STANDARD = "gnu++20";
				CLANG_ENABLE_MODULES = YES;
				CLANG_ENABLE_OBJC_ARC = YES;
				CLANG_ENABLE_OBJC_WEAK = YES;
				CLANG_WARN_BLOCK_CAPTURE_AUTORELEASING = YES;
				CLANG_WARN_BOOL_CONVERSION = YES;
				CLANG_WARN_COMMA = YES;
				CLANG_WARN_CONSTANT_CONVERSION = YES;
				CLANG_WARN_DEPRECATED_OBJC_IMPLEMENTATIONS = YES;
				CLANG_WARN_DIRECT_OBJC_ISA_USAGE = YES_ERROR;
				CLANG_WARN_DOCUMENTATION_COMMENTS = YES;
				CLANG_WARN_EMPTY_BODY = YES;
				CLANG_WARN_ENUM_CONVERSION = YES;
				CLANG_WARN_INFINITE_RECURSION = YES;
				CLANG_WARN_INT_CONVERSION = YES;
				CLANG_WARN_NON_LITERAL_NULL_CONVERSION = YES;
				CLANG_WARN_OBJC_IMPLICIT_RETAIN_SELF = YES;
				CLANG_WARN_OBJC_LITERAL_CONVERSION = YES;
				CLANG_WARN_OBJC_ROOT_CLASS = YES_ERROR;
				CLANG_WARN_QUOTED_INCLUDE_IN_FRAMEWORK_HEADER = YES;
				CLANG_WARN_RANGE_LOOP_ANALYSIS = YES;
				CLANG_WARN_STRICT_PROTOTYPES = YES;
				CLANG_WARN_SUSPICIOUS_MOVE = YES;
				CLANG_WARN_UNGUARDED_AVAILABILITY = YES_AGGRESSIVE;
				CLANG_WARN_UNREACHABLE_CODE = YES;
				CLANG_WARN__DUPLICATE_METHOD_MATCH = YES;
				COPY_PHASE_STRIP = NO;
				DEAD_CODE_STRIPPING = YES;
				DEBUG_INFORMATION_FORMAT = "dwarf-with-dsym";
				DEVELOPMENT_TEAM = FUVWVMBT6B;
				ENABLE_NS_ASSERTIONS = NO;
				ENABLE_STRICT_OBJC_MSGSEND = YES;
				ENABLE_USER_SCRIPT_SANDBOXING = YES;
				GCC_C_LANGUAGE_STANDARD = gnu17;
				GCC_NO_COMMON_BLOCKS = YES;
				GCC_WARN_64_TO_32_BIT_CONVERSION = YES;
				GCC_WARN_ABOUT_RETURN_TYPE = YES_ERROR;
				GCC_WARN_UNDECLARED_SELECTOR = YES;
				GCC_WARN_UNINITIALIZED_AUTOS = YES_AGGRESSIVE;
				GCC_WARN_UNUSED_FUNCTION = YES;
				GCC_WARN_UNUSED_VARIABLE = YES;
				LOCALIZATION_PREFERS_STRING_CATALOGS = YES;
				MACOSX_DEPLOYMENT_TARGET = 14.6;
				MTL_ENABLE_DEBUG_INFO = NO;
				MTL_FAST_MATH = YES;
				SDKROOT = macosx;
				SWIFT_COMPILATION_MODE = wholemodule;
				SWIFT_VERSION = 5.0;
			};
			name = Release;
		};
		9F26487C2C37805100C5D357 /* Debug */ = {
			isa = XCBuildConfiguration;
			buildSettings = {
				ASSETCATALOG_COMPILER_APPICON_NAME = AppIcon;
				ASSETCATALOG_COMPILER_GLOBAL_ACCENT_COLOR_NAME = AccentColor;
				CODE_SIGN_ENTITLEMENTS = sqOSC/sqOSC.entitlements;
				CODE_SIGN_IDENTITY = "Apple Development";
				"CODE_SIGN_IDENTITY[sdk=macosx*]" = "Apple Development";
				CODE_SIGN_STYLE = Automatic;
				COMBINE_HIDPI_IMAGES = YES;
				CURRENT_PROJECT_VERSION = 5;
				DEAD_CODE_STRIPPING = YES;
				DEVELOPMENT_ASSET_PATHS = "\"sqOSC/Preview Content\"";
				ENABLE_HARDENED_RUNTIME = YES;
				ENABLE_PREVIEWS = YES;
				GENERATE_INFOPLIST_FILE = YES;
				INFOPLIST_FILE = sqOSC/Info.plist;
				INFOPLIST_KEY_LSApplicationCategoryType = "public.app-category.music";
				INFOPLIST_KEY_NSHumanReadableCopyright = "";
				LD_RUNPATH_SEARCH_PATHS = (
					"$(inherited)",
					"@executable_path/../Frameworks",
				);
				MACOSX_DEPLOYMENT_TARGET = 14.6;
				MARKETING_VERSION = 1.1;
				PRODUCT_BUNDLE_IDENTIFIER = org.adamaschool.sqOSC;
				PRODUCT_NAME = "$(TARGET_NAME)";
				SWIFT_EMIT_LOC_STRINGS = YES;
				SWIFT_VERSION = 5.0;
			};
			name = Debug;
		};
		9F26487D2C37805100C5D357 /* Release */ = {
			isa = XCBuildConfiguration;
			buildSettings = {
				ASSETCATALOG_COMPILER_APPICON_NAME = AppIcon;
				ASSETCATALOG_COMPILER_GLOBAL_ACCENT_COLOR_NAME = AccentColor;
				CODE_SIGN_ENTITLEMENTS = sqOSC/sqOSC.entitlements;
				CODE_SIGN_IDENTITY = "Apple Development";
				"CODE_SIGN_IDENTITY[sdk=macosx*]" = "Apple Development";
				CODE_SIGN_STYLE = Automatic;
				COMBINE_HIDPI_IMAGES = YES;
				CURRENT_PROJECT_VERSION = 5;
				DEAD_CODE_STRIPPING = YES;
				DEVELOPMENT_ASSET_PATHS = "\"sqOSC/Preview Content\"";
				ENABLE_HARDENED_RUNTIME = YES;
				ENABLE_PREVIEWS = YES;
				GENERATE_INFOPLIST_FILE = YES;
				INFOPLIST_FILE = sqOSC/Info.plist;
				INFOPLIST_KEY_LSApplicationCategoryType = "public.app-category.music";
				INFOPLIST_KEY_NSHumanReadableCopyright = "";
				LD_RUNPATH_SEARCH_PATHS = (
					"$(inherited)",
					"@executable_path/../Frameworks",
				);
				MACOSX_DEPLOYMENT_TARGET = 14.6;
				MARKETING_VERSION = 1.1;
				PRODUCT_BUNDLE_IDENTIFIER = org.adamaschool.sqOSC;
				PRODUCT_NAME = "$(TARGET_NAME)";
				SWIFT_EMIT_LOC_STRINGS = YES;
				SWIFT_VERSION = 5.0;
			};
			name = Release;
		};
/* End XCBuildConfiguration section */

/* Begin XCConfigurationList section */
		9F0806642C42ED3F00F533F4 /* Build configuration list for PBXNativeTarget "sqOSCTests" */ = {
			isa = XCConfigurationList;
			buildConfigurations = (
				9F0806652C42ED3F00F533F4 /* Debug */,
				9F0806662C42ED3F00F533F4 /* Release */,
			);
			defaultConfigurationIsVisible = 0;
			defaultConfigurationName = Release;
		};
		9F26484F2C37805000C5D357 /* Build configuration list for PBXProject "sqOSC" */ = {
			isa = XCConfigurationList;
			buildConfigurations = (
				9F2648792C37805100C5D357 /* Debug */,
				9F26487A2C37805100C5D357 /* Release */,
			);
			defaultConfigurationIsVisible = 0;
			defaultConfigurationName = Release;
		};
		9F26487B2C37805100C5D357 /* Build configuration list for PBXNativeTarget "sqOSC" */ = {
			isa = XCConfigurationList;
			buildConfigurations = (
				9F26487C2C37805100C5D357 /* Debug */,
				9F26487D2C37805100C5D357 /* Release */,
			);
			defaultConfigurationIsVisible = 0;
			defaultConfigurationName = Release;
		};
/* End XCConfigurationList section */

/* Begin XCRemoteSwiftPackageReference section */
		9F2648842C3782C200C5D357 /* XCRemoteSwiftPackageReference "OSCKit" */ = {
			isa = XCRemoteSwiftPackageReference;
			repositoryURL = "https://github.com/orchetect/OSCKit";
			requirement = {
				kind = upToNextMajorVersion;
				minimumVersion = 0.5.1;
			};
		};
		9F7F6A572C38FF2A004AE8B9 /* XCRemoteSwiftPackageReference "CocoaAsyncSocket" */ = {
			isa = XCRemoteSwiftPackageReference;
			repositoryURL = "https://github.com/robbiehanson/CocoaAsyncSocket";
			requirement = {
				kind = upToNextMajorVersion;
				minimumVersion = 7.6.5;
			};
		};
		9F7F6A5C2C398AD0004AE8B9 /* XCRemoteSwiftPackageReference "MIDIKit" */ = {
			isa = XCRemoteSwiftPackageReference;
			repositoryURL = "https://github.com/orchetect/MIDIKit";
			requirement = {
				kind = upToNextMajorVersion;
				minimumVersion = 0.10.1;
			};
		};
		9F7F6A5D2C398BB1004AE8B9 /* XCRemoteSwiftPackageReference "SwiftRadix" */ = {
			isa = XCRemoteSwiftPackageReference;
			repositoryURL = "https://github.com/orchetect/SwiftRadix";
			requirement = {
				kind = upToNextMajorVersion;
				minimumVersion = 1.3.1;
			};
		};
/* End XCRemoteSwiftPackageReference section */

/* Begin XCSwiftPackageProductDependency section */
		9F2648852C3782C200C5D357 /* OSCKit */ = {
			isa = XCSwiftPackageProductDependency;
			package = 9F2648842C3782C200C5D357 /* XCRemoteSwiftPackageReference "OSCKit" */;
			productName = OSCKit;
		};
		9F2648872C3782C200C5D357 /* OSCKitCore */ = {
			isa = XCSwiftPackageProductDependency;
			package = 9F2648842C3782C200C5D357 /* XCRemoteSwiftPackageReference "OSCKit" */;
			productName = OSCKitCore;
		};
		9F7F6A5E2C398BB1004AE8B9 /* SwiftRadix */ = {
			isa = XCSwiftPackageProductDependency;
			package = 9F7F6A5D2C398BB1004AE8B9 /* XCRemoteSwiftPackageReference "SwiftRadix" */;
			productName = SwiftRadix;
		};
		9F7F6A602C398BCE004AE8B9 /* MIDIKit */ = {
			isa = XCSwiftPackageProductDependency;
			package = 9F7F6A5C2C398AD0004AE8B9 /* XCRemoteSwiftPackageReference "MIDIKit" */;
			productName = MIDIKit;
		};
/* End XCSwiftPackageProductDependency section */
	};
	rootObject = 9F26484C2C37805000C5D357 /* Project object */;
}
